
Microsoft Visual Studio Solution File, Format Version 12.00
# Visual Studio 15
VisualStudioVersion = 15.0.25807.0
MinimumVisualStudioVersion = 10.0.40219.1
Project("{2150E333-8FDC-42A3-9474-1A3956D46DE8}") = "Engine", "Engine", "{6F89BB23-D830-4EA8-8CB7-E7582F29F75E}"
EndProject
Project("{2150E333-8FDC-42A3-9474-1A3956D46DE8}") = "Games", "Games", "{EE9BCF77-5AA4-498F-BF4A-EB5629346EB4}"
EndProject
Project("{8BC9CEB8-8B4A-11D0-8D11-00A0C91BC942}") = "UE4", "Intermediate\ProjectFiles\UE4.vcxproj", "{91B448B9-66C8-4972-8FF9-1E9F49533738}"
EndProject
Project("{8BC9CEB8-8B4A-11D0-8D11-00A0C91BC942}") = "LearningUnreal_FP", "Intermediate\ProjectFiles\LearningUnreal_FP.vcxproj", "{6B144226-424C-4071-B0CA-3EC85FCD9D8F}"
EndProject
Project("{2150E333-8FDC-42A3-9474-1A3956D46DE8}") = "Visualizers", "Visualizers", "{9C90B59A-EF54-4611-9C5C-855EE438AFC2}"
	ProjectSection(SolutionItems) = preProject
		..\..\Program Files\Epic Games\UE_4.21\Engine\Extras\VisualStudioDebugging\UE4.natvis = ..\..\Program Files\Epic Games\UE_4.21\Engine\Extras\VisualStudioDebugging\UE4.natvis
	EndProjectSection
EndProject
Global
	GlobalSection(SolutionConfigurationPlatforms) = preSolution
		DebugGame Editor|HTML5 = DebugGame Editor|HTML5
		DebugGame Editor|Win32 = DebugGame Editor|Win32
		DebugGame Editor|Win64 = DebugGame Editor|Win64
		DebugGame|HTML5 = DebugGame|HTML5
		DebugGame|Win32 = DebugGame|Win32
		DebugGame|Win64 = DebugGame|Win64
		Development Editor|HTML5 = Development Editor|HTML5
		Development Editor|Win32 = Development Editor|Win32
		Development Editor|Win64 = Development Editor|Win64
		Development|HTML5 = Development|HTML5
		Development|Win32 = Development|Win32
		Development|Win64 = Development|Win64
		Shipping|HTML5 = Shipping|HTML5
		Shipping|Win32 = Shipping|Win32
		Shipping|Win64 = Shipping|Win64
	EndGlobalSection
	GlobalSection(ProjectConfigurationPlatforms) = postSolution
		{91B448B9-66C8-4972-8FF9-1E9F49533738}.DebugGame Editor|HTML5.ActiveCfg = BuiltWithUnrealBuildTool|Win32
		{91B448B9-66C8-4972-8FF9-1E9F49533738}.DebugGame Editor|Win32.ActiveCfg = BuiltWithUnrealBuildTool|Win32
		{91B448B9-66C8-4972-8FF9-1E9F49533738}.DebugGame Editor|Win64.ActiveCfg = BuiltWithUnrealBuildTool|Win32
		{91B448B9-66C8-4972-8FF9-1E9F49533738}.DebugGame|HTML5.ActiveCfg = BuiltWithUnrealBuildTool|Win32
		{91B448B9-66C8-4972-8FF9-1E9F49533738}.DebugGame|Win32.ActiveCfg = BuiltWithUnrealBuildTool|Win32
		{91B448B9-66C8-4972-8FF9-1E9F49533738}.DebugGame|Win64.ActiveCfg = BuiltWithUnrealBuildTool|Win32
		{91B448B9-66C8-4972-8FF9-1E9F49533738}.Development Editor|HTML5.ActiveCfg = BuiltWithUnrealBuildTool|Win32
		{91B448B9-66C8-4972-8FF9-1E9F49533738}.Development Editor|Win32.ActiveCfg = BuiltWithUnrealBuildTool|Win32
		{91B448B9-66C8-4972-8FF9-1E9F49533738}.Development Editor|Win64.ActiveCfg = BuiltWithUnrealBuildTool|Win32
		{91B448B9-66C8-4972-8FF9-1E9F49533738}.Development|HTML5.ActiveCfg = BuiltWithUnrealBuildTool|Win32
		{91B448B9-66C8-4972-8FF9-1E9F49533738}.Development|Win32.ActiveCfg = BuiltWithUnrealBuildTool|Win32
		{91B448B9-66C8-4972-8FF9-1E9F49533738}.Development|Win64.ActiveCfg = BuiltWithUnrealBuildTool|Win32
		{91B448B9-66C8-4972-8FF9-1E9F49533738}.Shipping|HTML5.ActiveCfg = BuiltWithUnrealBuildTool|Win32
		{91B448B9-66C8-4972-8FF9-1E9F49533738}.Shipping|Win32.ActiveCfg = BuiltWithUnrealBuildTool|Win32
		{91B448B9-66C8-4972-8FF9-1E9F49533738}.Shipping|Win64.ActiveCfg = BuiltWithUnrealBuildTool|Win32
		{6B144226-424C-4071-B0CA-3EC85FCD9D8F}.DebugGame Editor|HTML5.ActiveCfg = Invalid|Win32
		{6B144226-424C-4071-B0CA-3EC85FCD9D8F}.DebugGame Editor|Win32.ActiveCfg = Invalid|Win32
		{6B144226-424C-4071-B0CA-3EC85FCD9D8F}.DebugGame Editor|Win64.ActiveCfg = DebugGame_Editor|x64
		{6B144226-424C-4071-B0CA-3EC85FCD9D8F}.DebugGame Editor|Win64.Build.0 = DebugGame_Editor|x64
		{6B144226-424C-4071-B0CA-3EC85FCD9D8F}.DebugGame|HTML5.ActiveCfg = HTML5_DebugGame|Win32
		{6B144226-424C-4071-B0CA-3EC85FCD9D8F}.DebugGame|HTML5.Build.0 = HTML5_DebugGame|Win32
		{6B144226-424C-4071-B0CA-3EC85FCD9D8F}.DebugGame|Win32.ActiveCfg = DebugGame|Win32
		{6B144226-424C-4071-B0CA-3EC85FCD9D8F}.DebugGame|Win32.Build.0 = DebugGame|Win32
		{6B144226-424C-4071-B0CA-3EC85FCD9D8F}.DebugGame|Win64.ActiveCfg = DebugGame|x64
		{6B144226-424C-4071-B0CA-3EC85FCD9D8F}.DebugGame|Win64.Build.0 = DebugGame|x64
		{6B144226-424C-4071-B0CA-3EC85FCD9D8F}.Development Editor|HTML5.ActiveCfg = Invalid|Win32
		{6B144226-424C-4071-B0CA-3EC85FCD9D8F}.Development Editor|Win32.ActiveCfg = Invalid|Win32
		{6B144226-424C-4071-B0CA-3EC85FCD9D8F}.Development Editor|Win64.ActiveCfg = Development_Editor|x64
		{6B144226-424C-4071-B0CA-3EC85FCD9D8F}.Development Editor|Win64.Build.0 = Development_Editor|x64
		{6B144226-424C-4071-B0CA-3EC85FCD9D8F}.Development|HTML5.ActiveCfg = HTML5_Development|Win32
		{6B144226-424C-4071-B0CA-3EC85FCD9D8F}.Development|HTML5.Build.0 = HTML5_Development|Win32
		{6B144226-424C-4071-B0CA-3EC85FCD9D8F}.Development|Win32.ActiveCfg = Development|Win32
		{6B144226-424C-4071-B0CA-3EC85FCD9D8F}.Development|Win32.Build.0 = Development|Win32
		{6B144226-424C-4071-B0CA-3EC85FCD9D8F}.Development|Win64.ActiveCfg = Development|x64
		{6B144226-424C-4071-B0CA-3EC85FCD9D8F}.Development|Win64.Build.0 = Development|x64
		{6B144226-424C-4071-B0CA-3EC85FCD9D8F}.Shipping|HTML5.ActiveCfg = HTML5_Shipping|Win32
		{6B144226-424C-4071-B0CA-3EC85FCD9D8F}.Shipping|HTML5.Build.0 = HTML5_Shipping|Win32
		{6B144226-424C-4071-B0CA-3EC85FCD9D8F}.Shipping|Win32.ActiveCfg = Shipping|Win32
		{6B144226-424C-4071-B0CA-3EC85FCD9D8F}.Shipping|Win32.Build.0 = Shipping|Win32
		{6B144226-424C-4071-B0CA-3EC85FCD9D8F}.Shipping|Win64.ActiveCfg = Shipping|x64
		{6B144226-424C-4071-B0CA-3EC85FCD9D8F}.Shipping|Win64.Build.0 = Shipping|x64
	EndGlobalSection
	GlobalSection(SolutionProperties) = preSolution
		HideSolutionNode = FALSE
	EndGlobalSection
	GlobalSection(NestedProjects) = preSolution
		{91B448B9-66C8-4972-8FF9-1E9F49533738} = {6F89BB23-D830-4EA8-8CB7-E7582F29F75E}
		{6B144226-424C-4071-B0CA-3EC85FCD9D8F} = {EE9BCF77-5AA4-498F-BF4A-EB5629346EB4}
	EndGlobalSection
EndGlobal
